
Microsoft Visual Studio Solution File, Format Version 12.00
# Visual Studio Version 17
VisualStudioVersion = 17.2.32519.379
MinimumVisualStudioVersion = 10.0.40219.1
Project("{FAE04EC0-301F-11D3-BF4B-00C04F79EFBC}") = "Guide_Phasmo_plus", "Guide_Phasmo_plus.csproj", "{EC3E8FB7-FF1A-4C88-B6B1-0A954CB3EE99}"
EndProject
Global
	GlobalSection(SolutionConfigurationPlatforms) = preSolution
		Debug|Any CPU = Debug|Any CPU
		Release|Any CPU = Release|Any CPU
	EndGlobalSection
	GlobalSection(ProjectConfigurationPlatforms) = postSolution
		{EC3E8FB7-FF1A-4C88-B6B1-0A954CB3EE99}.Debug|Any CPU.ActiveCfg = Debug|Any CPU
		{EC3E8FB7-FF1A-4C88-B6B1-0A954CB3EE99}.Debug|Any CPU.Build.0 = Debug|Any CPU
		{EC3E8FB7-FF1A-4C88-B6B1-0A954CB3EE99}.Release|Any CPU.ActiveCfg = Release|Any CPU
		{EC3E8FB7-FF1A-4C88-B6B1-0A954CB3EE99}.Release|Any CPU.Build.0 = Release|Any CPU
	EndGlobalSection
	GlobalSection(SolutionProperties) = preSolution
		HideSolutionNode = FALSE
	EndGlobalSection
	GlobalSection(ExtensibilityGlobals) = postSolution
		SolutionGuid = {04C81F3E-0F44-43B4-B0B2-88FAC0EC0565}
	EndGlobalSection
EndGlobal
